
Microsoft Visual Studio Solution File, Format Version 12.00
# Visual Studio Version 17
VisualStudioVersion = 17.14.36327.8 d17.14
MinimumVisualStudioVersion = 10.0.40219.1
Project("{FAE04EC0-301F-11D3-BF4B-00C04F79EFBC}") = "FileOrganizer", "FileOrganizer\FileOrganizer.csproj", "{A0720743-8B57-45CB-85DD-40BD58DC3241}"
EndProject
Global
	GlobalSection(SolutionConfigurationPlatforms) = preSolution
		Debug|Any CPU = Debug|Any CPU
		Release|Any CPU = Release|Any CPU
	EndGlobalSection
	GlobalSection(ProjectConfigurationPlatforms) = postSolution
		{A0720743-8B57-45CB-85DD-40BD58DC3241}.Debug|Any CPU.ActiveCfg = Debug|Any CPU
		{A0720743-8B57-45CB-85DD-40BD58DC3241}.Debug|Any CPU.Build.0 = Debug|Any CPU
		{A0720743-8B57-45CB-85DD-40BD58DC3241}.Release|Any CPU.ActiveCfg = Release|Any CPU
		{A0720743-8B57-45CB-85DD-40BD58DC3241}.Release|Any CPU.Build.0 = Release|Any CPU
	EndGlobalSection
	GlobalSection(SolutionProperties) = preSolution
		HideSolutionNode = FALSE
	EndGlobalSection
	GlobalSection(ExtensibilityGlobals) = postSolution
		SolutionGuid = {0F34459D-1275-416C-8488-C306ACB49D9A}
	EndGlobalSection
EndGlobal
